// !$*UTF8*$!
{
	archiveVersion = 1;
	classes = {
	};
	objectVersion = 56;
	objects = {

/* Begin PBXBuildFile section */
		06BEB25C29802459007E09F4 /* AppDelegate.swift in Sources */ = {isa = PBXBuildFile; fileRef = 06BEB25B29802459007E09F4 /* AppDelegate.swift */; };
		06BEB25E29802459007E09F4 /* SceneDelegate.swift in Sources */ = {isa = PBXBuildFile; fileRef = 06BEB25D29802459007E09F4 /* SceneDelegate.swift */; };
		06BEB26029802459007E09F4 /* MainViewController.swift in Sources */ = {isa = PBXBuildFile; fileRef = 06BEB25F29802459007E09F4 /* MainViewController.swift */; };
		06BEB2652980245C007E09F4 /* Assets.xcassets in Resources */ = {isa = PBXBuildFile; fileRef = 06BEB2642980245C007E09F4 /* Assets.xcassets */; };
		06BEB2682980245C007E09F4 /* LaunchScreen.storyboard in Resources */ = {isa = PBXBuildFile; fileRef = 06BEB2662980245C007E09F4 /* LaunchScreen.storyboard */; };
		06BEB2712980428A007E09F4 /* Model.swift in Sources */ = {isa = PBXBuildFile; fileRef = 06BEB27029804289007E09F4 /* Model.swift */; };
		06BEB2732980437D007E09F4 /* MainTableViewCell.swift in Sources */ = {isa = PBXBuildFile; fileRef = 06BEB2722980437D007E09F4 /* MainTableViewCell.swift */; };
		06BEB275298045E1007E09F4 /* NetworkManager.swift in Sources */ = {isa = PBXBuildFile; fileRef = 06BEB274298045E1007E09F4 /* NetworkManager.swift */; };
		06BEB2772983157C007E09F4 /* ListViewController.swift in Sources */ = {isa = PBXBuildFile; fileRef = 06BEB2762983157B007E09F4 /* ListViewController.swift */; };
		06BEB2792983216D007E09F4 /* ListTableViewCell.swift in Sources */ = {isa = PBXBuildFile; fileRef = 06BEB2782983216D007E09F4 /* ListTableViewCell.swift */; };
		06BEB27B2985999B007E09F4 /* MainTableFooter.swift in Sources */ = {isa = PBXBuildFile; fileRef = 06BEB27A2985999B007E09F4 /* MainTableFooter.swift */; };
		9FCCA2C78B4D97C8CADF0649 /* Pods_task_7.framework in Frameworks */ = {isa = PBXBuildFile; fileRef = 1E7E932EBC3116A23E3068BA /* Pods_task_7.framework */; };
/* End PBXBuildFile section */

/* Begin PBXFileReference section */
		06BEB25829802459007E09F4 /* task_7.app */ = {isa = PBXFileReference; explicitFileType = wrapper.application; includeInIndex = 0; path = task_7.app; sourceTree = BUILT_PRODUCTS_DIR; };
		06BEB25B29802459007E09F4 /* AppDelegate.swift */ = {isa = PBXFileReference; lastKnownFileType = sourcecode.swift; path = AppDelegate.swift; sourceTree = "<group>"; };
		06BEB25D29802459007E09F4 /* SceneDelegate.swift */ = {isa = PBXFileReference; lastKnownFileType = sourcecode.swift; path = SceneDelegate.swift; sourceTree = "<group>"; };
		06BEB25F29802459007E09F4 /* MainViewController.swift */ = {isa = PBXFileReference; lastKnownFileType = sourcecode.swift; path = MainViewController.swift; sourceTree = "<group>"; };
		06BEB2642980245C007E09F4 /* Assets.xcassets */ = {isa = PBXFileReference; lastKnownFileType = folder.assetcatalog; path = Assets.xcassets; sourceTree = "<group>"; };
		06BEB2672980245C007E09F4 /* Base */ = {isa = PBXFileReference; lastKnownFileType = file.storyboard; name = Base; path = Base.lproj/LaunchScreen.storyboard; sourceTree = "<group>"; };
		06BEB2692980245C007E09F4 /* Info.plist */ = {isa = PBXFileReference; lastKnownFileType = text.plist.xml; path = Info.plist; sourceTree = "<group>"; };
		06BEB27029804289007E09F4 /* Model.swift */ = {isa = PBXFileReference; lastKnownFileType = sourcecode.swift; path = Model.swift; sourceTree = "<group>"; };
		06BEB2722980437D007E09F4 /* MainTableViewCell.swift */ = {isa = PBXFileReference; lastKnownFileType = sourcecode.swift; path = MainTableViewCell.swift; sourceTree = "<group>"; };
		06BEB274298045E1007E09F4 /* NetworkManager.swift */ = {isa = PBXFileReference; lastKnownFileType = sourcecode.swift; path = NetworkManager.swift; sourceTree = "<group>"; };
		06BEB2762983157B007E09F4 /* ListViewController.swift */ = {isa = PBXFileReference; lastKnownFileType = sourcecode.swift; path = ListViewController.swift; sourceTree = "<group>"; };
		06BEB2782983216D007E09F4 /* ListTableViewCell.swift */ = {isa = PBXFileReference; lastKnownFileType = sourcecode.swift; path = ListTableViewCell.swift; sourceTree = "<group>"; };
		06BEB27A2985999B007E09F4 /* MainTableFooter.swift */ = {isa = PBXFileReference; lastKnownFileType = sourcecode.swift; path = MainTableFooter.swift; sourceTree = "<group>"; };
		1E7E932EBC3116A23E3068BA /* Pods_task_7.framework */ = {isa = PBXFileReference; explicitFileType = wrapper.framework; includeInIndex = 0; path = Pods_task_7.framework; sourceTree = BUILT_PRODUCTS_DIR; };
		CF9F490CFBD251B1377DA8B2 /* Pods-task_7.debug.xcconfig */ = {isa = PBXFileReference; includeInIndex = 1; lastKnownFileType = text.xcconfig; name = "Pods-task_7.debug.xcconfig"; path = "Target Support Files/Pods-task_7/Pods-task_7.debug.xcconfig"; sourceTree = "<group>"; };
		F16E7B9E9F10FBC1652F8279 /* Pods-task_7.release.xcconfig */ = {isa = PBXFileReference; includeInIndex = 1; lastKnownFileType = text.xcconfig; name = "Pods-task_7.release.xcconfig"; path = "Target Support Files/Pods-task_7/Pods-task_7.release.xcconfig"; sourceTree = "<group>"; };
/* End PBXFileReference section */

/* Begin PBXFrameworksBuildPhase section */
		06BEB25529802459007E09F4 /* Frameworks */ = {
			isa = PBXFrameworksBuildPhase;
			buildActionMask = 2147483647;
			files = (
				9FCCA2C78B4D97C8CADF0649 /* Pods_task_7.framework in Frameworks */,
			);
			runOnlyForDeploymentPostprocessing = 0;
		};
/* End PBXFrameworksBuildPhase section */

/* Begin PBXGroup section */
		06BEB24F29802459007E09F4 = {
			isa = PBXGroup;
			children = (
				06BEB25A29802459007E09F4 /* task_7 */,
				06BEB25929802459007E09F4 /* Products */,
				F408CFD3EB54AD1EFE15BEF0 /* Pods */,
				71BB836A6A2F390EED2B8EC4 /* Frameworks */,
			);
			sourceTree = "<group>";
		};
		06BEB25929802459007E09F4 /* Products */ = {
			isa = PBXGroup;
			children = (
				06BEB25829802459007E09F4 /* task_7.app */,
			);
			name = Products;
			sourceTree = "<group>";
		};
		06BEB25A29802459007E09F4 /* task_7 */ = {
			isa = PBXGroup;
			children = (
				06BEB280298702DC007E09F4 /* Model */,
				06BEB27F298702CF007E09F4 /* View */,
				06BEB27E298702BC007E09F4 /* Controller */,
				06BEB27D298702AB007E09F4 /* Services */,
				06BEB27C2987023E007E09F4 /* Support Files */,
			);
			path = task_7;
			sourceTree = "<group>";
		};
		06BEB27C2987023E007E09F4 /* Support Files */ = {
			isa = PBXGroup;
			children = (
				06BEB25B29802459007E09F4 /* AppDelegate.swift */,
				06BEB25D29802459007E09F4 /* SceneDelegate.swift */,
				06BEB2642980245C007E09F4 /* Assets.xcassets */,
				06BEB2662980245C007E09F4 /* LaunchScreen.storyboard */,
				06BEB2692980245C007E09F4 /* Info.plist */,
			);
			path = "Support Files";
			sourceTree = "<group>";
		};
		06BEB27D298702AB007E09F4 /* Services */ = {
			isa = PBXGroup;
			children = (
				06BEB274298045E1007E09F4 /* NetworkManager.swift */,
			);
			path = Services;
			sourceTree = "<group>";
		};
		06BEB27E298702BC007E09F4 /* Controller */ = {
			isa = PBXGroup;
			children = (
				06BEB25F29802459007E09F4 /* MainViewController.swift */,
				06BEB2762983157B007E09F4 /* ListViewController.swift */,
			);
			path = Controller;
			sourceTree = "<group>";
		};
		06BEB27F298702CF007E09F4 /* View */ = {
			isa = PBXGroup;
			children = (
				06BEB2722980437D007E09F4 /* MainTableViewCell.swift */,
				06BEB27A2985999B007E09F4 /* MainTableFooter.swift */,
				06BEB2782983216D007E09F4 /* ListTableViewCell.swift */,
			);
			path = View;
			sourceTree = "<group>";
		};
		06BEB280298702DC007E09F4 /* Model */ = {
			isa = PBXGroup;
			children = (
				06BEB27029804289007E09F4 /* Model.swift */,
			);
			path = Model;
			sourceTree = "<group>";
		};
		71BB836A6A2F390EED2B8EC4 /* Frameworks */ = {
			isa = PBXGroup;
			children = (
				1E7E932EBC3116A23E3068BA /* Pods_task_7.framework */,
			);
			name = Frameworks;
			sourceTree = "<group>";
		};
		F408CFD3EB54AD1EFE15BEF0 /* Pods */ = {
			isa = PBXGroup;
			children = (
				CF9F490CFBD251B1377DA8B2 /* Pods-task_7.debug.xcconfig */,
				F16E7B9E9F10FBC1652F8279 /* Pods-task_7.release.xcconfig */,
			);
			path = Pods;
			sourceTree = "<group>";
		};
/* End PBXGroup section */

/* Begin PBXNativeTarget section */
		06BEB25729802459007E09F4 /* task_7 */ = {
			isa = PBXNativeTarget;
			buildConfigurationList = 06BEB26C2980245C007E09F4 /* Build configuration list for PBXNativeTarget "task_7" */;
			buildPhases = (
				06BEB26F29802A5A007E09F4 /* SwiftLint */,
				10A8BB3F137CDB3F2513D120 /* [CP] Check Pods Manifest.lock */,
				06BEB25429802459007E09F4 /* Sources */,
				06BEB25529802459007E09F4 /* Frameworks */,
				06BEB25629802459007E09F4 /* Resources */,
				FF1384EC9B3CA51451E862A9 /* [CP] Embed Pods Frameworks */,
			);
			buildRules = (
			);
			dependencies = (
			);
			name = task_7;
			productName = task_7;
			productReference = 06BEB25829802459007E09F4 /* task_7.app */;
			productType = "com.apple.product-type.application";
		};
/* End PBXNativeTarget section */

/* Begin PBXProject section */
		06BEB25029802459007E09F4 /* Project object */ = {
			isa = PBXProject;
			attributes = {
				BuildIndependentTargetsInParallel = 1;
				LastSwiftUpdateCheck = 1400;
				LastUpgradeCheck = 1400;
				TargetAttributes = {
					06BEB25729802459007E09F4 = {
						CreatedOnToolsVersion = 14.0.1;
					};
				};
			};
			buildConfigurationList = 06BEB25329802459007E09F4 /* Build configuration list for PBXProject "task_7" */;
			compatibilityVersion = "Xcode 14.0";
			developmentRegion = en;
			hasScannedForEncodings = 0;
			knownRegions = (
				en,
				Base,
			);
			mainGroup = 06BEB24F29802459007E09F4;
			productRefGroup = 06BEB25929802459007E09F4 /* Products */;
			projectDirPath = "";
			projectRoot = "";
			targets = (
				06BEB25729802459007E09F4 /* task_7 */,
			);
		};
/* End PBXProject section */

/* Begin PBXResourcesBuildPhase section */
		06BEB25629802459007E09F4 /* Resources */ = {
			isa = PBXResourcesBuildPhase;
			buildActionMask = 2147483647;
			files = (
				06BEB2682980245C007E09F4 /* LaunchScreen.storyboard in Resources */,
				06BEB2652980245C007E09F4 /* Assets.xcassets in Resources */,
			);
			runOnlyForDeploymentPostprocessing = 0;
		};
/* End PBXResourcesBuildPhase section */

/* Begin PBXShellScriptBuildPhase section */
		06BEB26F29802A5A007E09F4 /* SwiftLint */ = {
			isa = PBXShellScriptBuildPhase;
			alwaysOutOfDate = 1;
			buildActionMask = 2147483647;
			files = (
			);
			inputFileListPaths = (
			);
			inputPaths = (
			);
			name = SwiftLint;
			outputFileListPaths = (
			);
			outputPaths = (
			);
			runOnlyForDeploymentPostprocessing = 0;
			shellPath = /bin/sh;
			shellScript = "export PATH=\"$PATH:/opt/homebrew/bin\"\nif which swiftlint > /dev/null; then\n  swiftlint\nelse\n  echo \"warning: SwiftLint not installed, download from https://github.com/realm/SwiftLint\"\nfi\n\n";
		};
		10A8BB3F137CDB3F2513D120 /* [CP] Check Pods Manifest.lock */ = {
			isa = PBXShellScriptBuildPhase;
			buildActionMask = 2147483647;
			files = (
			);
			inputFileListPaths = (
			);
			inputPaths = (
				"${PODS_PODFILE_DIR_PATH}/Podfile.lock",
				"${PODS_ROOT}/Manifest.lock",
			);
			name = "[CP] Check Pods Manifest.lock";
			outputFileListPaths = (
			);
			outputPaths = (
				"$(DERIVED_FILE_DIR)/Pods-task_7-checkManifestLockResult.txt",
			);
			runOnlyForDeploymentPostprocessing = 0;
			shellPath = /bin/sh;
			shellScript = "diff \"${PODS_PODFILE_DIR_PATH}/Podfile.lock\" \"${PODS_ROOT}/Manifest.lock\" > /dev/null\nif [ $? != 0 ] ; then\n    # print error to STDERR\n    echo \"error: The sandbox is not in sync with the Podfile.lock. Run 'pod install' or update your CocoaPods installation.\" >&2\n    exit 1\nfi\n# This output is used by Xcode 'outputs' to avoid re-running this script phase.\necho \"SUCCESS\" > \"${SCRIPT_OUTPUT_FILE_0}\"\n";
			showEnvVarsInLog = 0;
		};
		FF1384EC9B3CA51451E862A9 /* [CP] Embed Pods Frameworks */ = {
			isa = PBXShellScriptBuildPhase;
			buildActionMask = 2147483647;
			files = (
			);
			inputFileListPaths = (
				"${PODS_ROOT}/Target Support Files/Pods-task_7/Pods-task_7-frameworks-${CONFIGURATION}-input-files.xcfilelist",
			);
			name = "[CP] Embed Pods Frameworks";
			outputFileListPaths = (
				"${PODS_ROOT}/Target Support Files/Pods-task_7/Pods-task_7-frameworks-${CONFIGURATION}-output-files.xcfilelist",
			);
			runOnlyForDeploymentPostprocessing = 0;
			shellPath = /bin/sh;
			shellScript = "\"${PODS_ROOT}/Target Support Files/Pods-task_7/Pods-task_7-frameworks.sh\"\n";
			showEnvVarsInLog = 0;
		};
/* End PBXShellScriptBuildPhase section */

/* Begin PBXSourcesBuildPhase section */
		06BEB25429802459007E09F4 /* Sources */ = {
			isa = PBXSourcesBuildPhase;
			buildActionMask = 2147483647;
			files = (
				06BEB275298045E1007E09F4 /* NetworkManager.swift in Sources */,
				06BEB2792983216D007E09F4 /* ListTableViewCell.swift in Sources */,
				06BEB2732980437D007E09F4 /* MainTableViewCell.swift in Sources */,
				06BEB26029802459007E09F4 /* MainViewController.swift in Sources */,
				06BEB27B2985999B007E09F4 /* MainTableFooter.swift in Sources */,
				06BEB25C29802459007E09F4 /* AppDelegate.swift in Sources */,
				06BEB25E29802459007E09F4 /* SceneDelegate.swift in Sources */,
				06BEB2712980428A007E09F4 /* Model.swift in Sources */,
				06BEB2772983157C007E09F4 /* ListViewController.swift in Sources */,
			);
			runOnlyForDeploymentPostprocessing = 0;
		};
/* End PBXSourcesBuildPhase section */

/* Begin PBXVariantGroup section */
		06BEB2662980245C007E09F4 /* LaunchScreen.storyboard */ = {
			isa = PBXVariantGroup;
			children = (
				06BEB2672980245C007E09F4 /* Base */,
			);
			name = LaunchScreen.storyboard;
			sourceTree = "<group>";
		};
/* End PBXVariantGroup section */

/* Begin XCBuildConfiguration section */
		06BEB26A2980245C007E09F4 /* Debug */ = {
			isa = XCBuildConfiguration;
			buildSettings = {
				ALWAYS_SEARCH_USER_PATHS = NO;
				CLANG_ANALYZER_NONNULL = YES;
				CLANG_ANALYZER_NUMBER_OBJECT_CONVERSION = YES_AGGRESSIVE;
				CLANG_CXX_LANGUAGE_STANDARD = "gnu++20";
				CLANG_ENABLE_MODULES = YES;
				CLANG_ENABLE_OBJC_ARC = YES;
				CLANG_ENABLE_OBJC_WEAK = YES;
				CLANG_WARN_BLOCK_CAPTURE_AUTORELEASING = YES;
				CLANG_WARN_BOOL_CONVERSION = YES;
				CLANG_WARN_COMMA = YES;
				CLANG_WARN_CONSTANT_CONVERSION = YES;
				CLANG_WARN_DEPRECATED_OBJC_IMPLEMENTATIONS = YES;
				CLANG_WARN_DIRECT_OBJC_ISA_USAGE = YES_ERROR;
				CLANG_WARN_DOCUMENTATION_COMMENTS = YES;
				CLANG_WARN_EMPTY_BODY = YES;
				CLANG_WARN_ENUM_CONVERSION = YES;
				CLANG_WARN_INFINITE_RECURSION = YES;
				CLANG_WARN_INT_CONVERSION = YES;
				CLANG_WARN_NON_LITERAL_NULL_CONVERSION = YES;
				CLANG_WARN_OBJC_IMPLICIT_RETAIN_SELF = YES;
				CLANG_WARN_OBJC_LITERAL_CONVERSION = YES;
				CLANG_WARN_OBJC_ROOT_CLASS = YES_ERROR;
				CLANG_WARN_QUOTED_INCLUDE_IN_FRAMEWORK_HEADER = YES;
				CLANG_WARN_RANGE_LOOP_ANALYSIS = YES;
				CLANG_WARN_STRICT_PROTOTYPES = YES;
				CLANG_WARN_SUSPICIOUS_MOVE = YES;
				CLANG_WARN_UNGUARDED_AVAILABILITY = YES_AGGRESSIVE;
				CLANG_WARN_UNREACHABLE_CODE = YES;
				CLANG_WARN__DUPLICATE_METHOD_MATCH = YES;
				COPY_PHASE_STRIP = NO;
				DEBUG_INFORMATION_FORMAT = dwarf;
				ENABLE_STRICT_OBJC_MSGSEND = YES;
				ENABLE_TESTABILITY = YES;
				GCC_C_LANGUAGE_STANDARD = gnu11;
				GCC_DYNAMIC_NO_PIC = NO;
				GCC_NO_COMMON_BLOCKS = YES;
				GCC_OPTIMIZATION_LEVEL = 0;
				GCC_PREPROCESSOR_DEFINITIONS = (
					"DEBUG=1",
					"$(inherited)",
				);
				GCC_WARN_64_TO_32_BIT_CONVERSION = YES;
				GCC_WARN_ABOUT_RETURN_TYPE = YES_ERROR;
				GCC_WARN_UNDECLARED_SELECTOR = YES;
				GCC_WARN_UNINITIALIZED_AUTOS = YES_AGGRESSIVE;
				GCC_WARN_UNUSED_FUNCTION = YES;
				GCC_WARN_UNUSED_VARIABLE = YES;
				IPHONEOS_DEPLOYMENT_TARGET = 16.0;
				MTL_ENABLE_DEBUG_INFO = INCLUDE_SOURCE;
				MTL_FAST_MATH = YES;
				ONLY_ACTIVE_ARCH = YES;
				SDKROOT = iphoneos;
				SWIFT_ACTIVE_COMPILATION_CONDITIONS = DEBUG;
				SWIFT_OPTIMIZATION_LEVEL = "-Onone";
			};
			name = Debug;
		};
		06BEB26B2980245C007E09F4 /* Release */ = {
			isa = XCBuildConfiguration;
			buildSettings = {
				ALWAYS_SEARCH_USER_PATHS = NO;
				CLANG_ANALYZER_NONNULL = YES;
				CLANG_ANALYZER_NUMBER_OBJECT_CONVERSION = YES_AGGRESSIVE;
				CLANG_CXX_LANGUAGE_STANDARD = "gnu++20";
				CLANG_ENABLE_MODULES = YES;
				CLANG_ENABLE_OBJC_ARC = YES;
				CLANG_ENABLE_OBJC_WEAK = YES;
				CLANG_WARN_BLOCK_CAPTURE_AUTORELEASING = YES;
				CLANG_WARN_BOOL_CONVERSION = YES;
				CLANG_WARN_COMMA = YES;
				CLANG_WARN_CONSTANT_CONVERSION = YES;
				CLANG_WARN_DEPRECATED_OBJC_IMPLEMENTATIONS = YES;
				CLANG_WARN_DIRECT_OBJC_ISA_USAGE = YES_ERROR;
				CLANG_WARN_DOCUMENTATION_COMMENTS = YES;
				CLANG_WARN_EMPTY_BODY = YES;
				CLANG_WARN_ENUM_CONVERSION = YES;
				CLANG_WARN_INFINITE_RECURSION = YES;
				CLANG_WARN_INT_CONVERSION = YES;
				CLANG_WARN_NON_LITERAL_NULL_CONVERSION = YES;
				CLANG_WARN_OBJC_IMPLICIT_RETAIN_SELF = YES;
				CLANG_WARN_OBJC_LITERAL_CONVERSION = YES;
				CLANG_WARN_OBJC_ROOT_CLASS = YES_ERROR;
				CLANG_WARN_QUOTED_INCLUDE_IN_FRAMEWORK_HEADER = YES;
				CLANG_WARN_RANGE_LOOP_ANALYSIS = YES;
				CLANG_WARN_STRICT_PROTOTYPES = YES;
				CLANG_WARN_SUSPICIOUS_MOVE = YES;
				CLANG_WARN_UNGUARDED_AVAILABILITY = YES_AGGRESSIVE;
				CLANG_WARN_UNREACHABLE_CODE = YES;
				CLANG_WARN__DUPLICATE_METHOD_MATCH = YES;
				COPY_PHASE_STRIP = NO;
				DEBUG_INFORMATION_FORMAT = "dwarf-with-dsym";
				ENABLE_NS_ASSERTIONS = NO;
				ENABLE_STRICT_OBJC_MSGSEND = YES;
				GCC_C_LANGUAGE_STANDARD = gnu11;
				GCC_NO_COMMON_BLOCKS = YES;
				GCC_WARN_64_TO_32_BIT_CONVERSION = YES;
				GCC_WARN_ABOUT_RETURN_TYPE = YES_ERROR;
				GCC_WARN_UNDECLARED_SELECTOR = YES;
				GCC_WARN_UNINITIALIZED_AUTOS = YES_AGGRESSIVE;
				GCC_WARN_UNUSED_FUNCTION = YES;
				GCC_WARN_UNUSED_VARIABLE = YES;
				IPHONEOS_DEPLOYMENT_TARGET = 16.0;
				MTL_ENABLE_DEBUG_INFO = NO;
				MTL_FAST_MATH = YES;
				SDKROOT = iphoneos;
				SWIFT_COMPILATION_MODE = wholemodule;
				SWIFT_OPTIMIZATION_LEVEL = "-O";
				VALIDATE_PRODUCT = YES;
			};
			name = Release;
		};
		06BEB26D2980245C007E09F4 /* Debug */ = {
			isa = XCBuildConfiguration;
			baseConfigurationReference = CF9F490CFBD251B1377DA8B2 /* Pods-task_7.debug.xcconfig */;
			buildSettings = {
				ASSETCATALOG_COMPILER_APPICON_NAME = AppIcon;
				ASSETCATALOG_COMPILER_GLOBAL_ACCENT_COLOR_NAME = AccentColor;
				CODE_SIGN_STYLE = Automatic;
				CURRENT_PROJECT_VERSION = 1;
				DEVELOPMENT_TEAM = T5K8V44L2C;
				GENERATE_INFOPLIST_FILE = YES;
				INFOPLIST_FILE = "task_7/Support Files/Info.plist";
				INFOPLIST_KEY_UIApplicationSupportsIndirectInputEvents = YES;
				INFOPLIST_KEY_UILaunchStoryboardName = LaunchScreen;
				INFOPLIST_KEY_UISupportedInterfaceOrientations_iPad = "UIInterfaceOrientationPortrait UIInterfaceOrientationPortraitUpsideDown UIInterfaceOrientationLandscapeLeft UIInterfaceOrientationLandscapeRight";
				INFOPLIST_KEY_UISupportedInterfaceOrientations_iPhone = "UIInterfaceOrientationPortrait UIInterfaceOrientationLandscapeLeft UIInterfaceOrientationLandscapeRight";
				LD_RUNPATH_SEARCH_PATHS = (
					"$(inherited)",
					"@executable_path/Frameworks",
				);
				MARKETING_VERSION = 1.0;
				PRODUCT_BUNDLE_IDENTIFIER = "clevertec.sulzhenko.task-7";
				PRODUCT_NAME = "$(TARGET_NAME)";
				SWIFT_EMIT_LOC_STRINGS = YES;
				SWIFT_VERSION = 5.0;
				TARGETED_DEVICE_FAMILY = "1,2";
			};
			name = Debug;
		};
		06BEB26E2980245C007E09F4 /* Release */ = {
			isa = XCBuildConfiguration;
			baseConfigurationReference = F16E7B9E9F10FBC1652F8279 /* Pods-task_7.release.xcconfig */;
			buildSettings = {
				ASSETCATALOG_COMPILER_APPICON_NAME = AppIcon;
				ASSETCATALOG_COMPILER_GLOBAL_ACCENT_COLOR_NAME = AccentColor;
				CODE_SIGN_STYLE = Automatic;
				CURRENT_PROJECT_VERSION = 1;
				DEVELOPMENT_TEAM = T5K8V44L2C;
				GENERATE_INFOPLIST_FILE = YES;
				INFOPLIST_FILE = "task_7/Support Files/Info.plist";
				INFOPLIST_KEY_UIApplicationSupportsIndirectInputEvents = YES;
				INFOPLIST_KEY_UILaunchStoryboardName = LaunchScreen;
				INFOPLIST_KEY_UISupportedInterfaceOrientations_iPad = "UIInterfaceOrientationPortrait UIInterfaceOrientationPortraitUpsideDown UIInterfaceOrientationLandscapeLeft UIInterfaceOrientationLandscapeRight";
				INFOPLIST_KEY_UISupportedInterfaceOrientations_iPhone = "UIInterfaceOrientationPortrait UIInterfaceOrientationLandscapeLeft UIInterfaceOrientationLandscapeRight";
				LD_RUNPATH_SEARCH_PATHS = (
					"$(inherited)",
					"@executable_path/Frameworks",
				);
				MARKETING_VERSION = 1.0;
				PRODUCT_BUNDLE_IDENTIFIER = "clevertec.sulzhenko.task-7";
				PRODUCT_NAME = "$(TARGET_NAME)";
				SWIFT_EMIT_LOC_STRINGS = YES;
				SWIFT_VERSION = 5.0;
				TARGETED_DEVICE_FAMILY = "1,2";
			};
			name = Release;
		};
/* End XCBuildConfiguration section */

/* Begin XCConfigurationList section */
		06BEB25329802459007E09F4 /* Build configuration list for PBXProject "task_7" */ = {
			isa = XCConfigurationList;
			buildConfigurations = (
				06BEB26A2980245C007E09F4 /* Debug */,
				06BEB26B2980245C007E09F4 /* Release */,
			);
			defaultConfigurationIsVisible = 0;
			defaultConfigurationName = Release;
		};
		06BEB26C2980245C007E09F4 /* Build configuration list for PBXNativeTarget "task_7" */ = {
			isa = XCConfigurationList;
			buildConfigurations = (
				06BEB26D2980245C007E09F4 /* Debug */,
				06BEB26E2980245C007E09F4 /* Release */,
			);
			defaultConfigurationIsVisible = 0;
			defaultConfigurationName = Release;
		};
/* End XCConfigurationList section */
	};
	rootObject = 06BEB25029802459007E09F4 /* Project object */;
}
